// !$*UTF8*$!
{
	archiveVersion = 1;
	classes = {
	};
	objectVersion = 50;
	objects = {

/* Begin PBXBuildFile section */
		187BD153207351FB00062438 /* AppDelegate.swift in Sources */ = {isa = PBXBuildFile; fileRef = 187BD152207351FB00062438 /* AppDelegate.swift */; };
		187BD155207351FB00062438 /* ViewController.swift in Sources */ = {isa = PBXBuildFile; fileRef = 187BD154207351FB00062438 /* ViewController.swift */; };
		187BD158207351FB00062438 /* Main.storyboard in Resources */ = {isa = PBXBuildFile; fileRef = 187BD156207351FB00062438 /* Main.storyboard */; };
		187BD15A207351FC00062438 /* Assets.xcassets in Resources */ = {isa = PBXBuildFile; fileRef = 187BD159207351FC00062438 /* Assets.xcassets */; };
		187BD15D207351FC00062438 /* LaunchScreen.storyboard in Resources */ = {isa = PBXBuildFile; fileRef = 187BD15B207351FC00062438 /* LaunchScreen.storyboard */; };
		187BD16A2073672900062438 /* Home.storyboard in Resources */ = {isa = PBXBuildFile; fileRef = 187BD1682073672900062438 /* Home.storyboard */; };
		187BD1702073689E00062438 /* Live.storyboard in Resources */ = {isa = PBXBuildFile; fileRef = 187BD16E2073689E00062438 /* Live.storyboard */; };
		187BD173207368C700062438 /* Follow.storyboard in Resources */ = {isa = PBXBuildFile; fileRef = 187BD171207368C700062438 /* Follow.storyboard */; };
		187BD1762073690800062438 /* Profile.storyboard in Resources */ = {isa = PBXBuildFile; fileRef = 187BD1742073690800062438 /* Profile.storyboard */; };
/* End PBXBuildFile section */

/* Begin PBXFileReference section */
		187BD14F207351FB00062438 /* douYuLive.app */ = {isa = PBXFileReference; explicitFileType = wrapper.application; includeInIndex = 0; path = douYuLive.app; sourceTree = BUILT_PRODUCTS_DIR; };
		187BD152207351FB00062438 /* AppDelegate.swift */ = {isa = PBXFileReference; lastKnownFileType = sourcecode.swift; path = AppDelegate.swift; sourceTree = "<group>"; };
		187BD154207351FB00062438 /* ViewController.swift */ = {isa = PBXFileReference; lastKnownFileType = sourcecode.swift; path = ViewController.swift; sourceTree = "<group>"; };
		187BD157207351FB00062438 /* Base */ = {isa = PBXFileReference; lastKnownFileType = file.storyboard; name = Base; path = Base.lproj/Main.storyboard; sourceTree = "<group>"; };
		187BD159207351FC00062438 /* Assets.xcassets */ = {isa = PBXFileReference; lastKnownFileType = folder.assetcatalog; path = Assets.xcassets; sourceTree = "<group>"; };
		187BD15C207351FC00062438 /* Base */ = {isa = PBXFileReference; lastKnownFileType = file.storyboard; name = Base; path = Base.lproj/LaunchScreen.storyboard; sourceTree = "<group>"; };
		187BD15E207351FC00062438 /* Info.plist */ = {isa = PBXFileReference; lastKnownFileType = text.plist.xml; path = Info.plist; sourceTree = "<group>"; };
		187BD1692073672900062438 /* Base */ = {isa = PBXFileReference; lastKnownFileType = file.storyboard; name = Base; path = douYuLive/Base.lproj/Home.storyboard; sourceTree = "<group>"; };
		187BD16F2073689E00062438 /* Base */ = {isa = PBXFileReference; lastKnownFileType = file.storyboard; name = Base; path = douYuLive/Base.lproj/Live.storyboard; sourceTree = "<group>"; };
		187BD172207368C700062438 /* Base */ = {isa = PBXFileReference; lastKnownFileType = file.storyboard; name = Base; path = douYuLive/Base.lproj/Follow.storyboard; sourceTree = "<group>"; };
		187BD1752073690800062438 /* Base */ = {isa = PBXFileReference; lastKnownFileType = file.storyboard; name = Base; path = douYuLive/Base.lproj/Profile.storyboard; sourceTree = "<group>"; };
/* End PBXFileReference section */

/* Begin PBXFrameworksBuildPhase section */
		187BD14C207351FB00062438 /* Frameworks */ = {
			isa = PBXFrameworksBuildPhase;
			buildActionMask = 2147483647;
			files = (
			);
			runOnlyForDeploymentPostprocessing = 0;
		};
/* End PBXFrameworksBuildPhase section */

/* Begin PBXGroup section */
		187BD146207351FB00062438 = {
			isa = PBXGroup;
			children = (
				187BD151207351FB00062438 /* douYuLive */,
				187BD150207351FB00062438 /* Products */,
			);
			sourceTree = "<group>";
		};
		187BD150207351FB00062438 /* Products */ = {
			isa = PBXGroup;
			children = (
				187BD14F207351FB00062438 /* douYuLive.app */,
			);
			name = Products;
			sourceTree = "<group>";
		};
		187BD151207351FB00062438 /* douYuLive */ = {
			isa = PBXGroup;
			children = (
				187BD17B20736BF900062438 /* classes */,
				187BD152207351FB00062438 /* AppDelegate.swift */,
				187BD154207351FB00062438 /* ViewController.swift */,
				187BD159207351FC00062438 /* Assets.xcassets */,
				187BD15B207351FC00062438 /* LaunchScreen.storyboard */,
				187BD15E207351FC00062438 /* Info.plist */,
			);
			path = douYuLive;
			sourceTree = "<group>";
		};
		187BD17B20736BF900062438 /* classes */ = {
			isa = PBXGroup;
			children = (
				187BD18020736C2E00062438 /* Profile */,
				187BD17F20736C2700062438 /* Main */,
				187BD17E20736C1B00062438 /* Live */,
				187BD17D20736C1400062438 /* Home */,
				187BD17C20736C0800062438 /* Follow */,
			);
			path = classes;
			sourceTree = "<group>";
		};
		187BD17C20736C0800062438 /* Follow */ = {
			isa = PBXGroup;
			children = (
				187BD171207368C700062438 /* Follow.storyboard */,
			);
			path = Follow;
			sourceTree = "<group>";
		};
		187BD17D20736C1400062438 /* Home */ = {
			isa = PBXGroup;
			children = (
				187BD1682073672900062438 /* Home.storyboard */,
			);
			path = Home;
			sourceTree = "<group>";
		};
		187BD17E20736C1B00062438 /* Live */ = {
			isa = PBXGroup;
			children = (
				187BD16E2073689E00062438 /* Live.storyboard */,
			);
			path = Live;
			sourceTree = "<group>";
		};
		187BD17F20736C2700062438 /* Main */ = {
			isa = PBXGroup;
			children = (
				187BD156207351FB00062438 /* Main.storyboard */,
			);
			path = Main;
			sourceTree = "<group>";
		};
		187BD18020736C2E00062438 /* Profile */ = {
			isa = PBXGroup;
			children = (
				187BD1742073690800062438 /* Profile.storyboard */,
			);
			path = Profile;
			sourceTree = "<group>";
		};
/* End PBXGroup section */

/* Begin PBXNativeTarget section */
		187BD14E207351FB00062438 /* douYuLive */ = {
			isa = PBXNativeTarget;
			buildConfigurationList = 187BD161207351FC00062438 /* Build configuration list for PBXNativeTarget "douYuLive" */;
			buildPhases = (
				187BD14B207351FB00062438 /* Sources */,
				187BD14C207351FB00062438 /* Frameworks */,
				187BD14D207351FB00062438 /* Resources */,
			);
			buildRules = (
			);
			dependencies = (
			);
			name = douYuLive;
			productName = douYuLive;
			productReference = 187BD14F207351FB00062438 /* douYuLive.app */;
			productType = "com.apple.product-type.application";
		};
/* End PBXNativeTarget section */

/* Begin PBXProject section */
		187BD147207351FB00062438 /* Project object */ = {
			isa = PBXProject;
			attributes = {
				LastSwiftUpdateCheck = 0930;
				LastUpgradeCheck = 0930;
				ORGANIZATIONNAME = yuannianqing;
				TargetAttributes = {
					187BD14E207351FB00062438 = {
						CreatedOnToolsVersion = 9.3;
					};
				};
			};
			buildConfigurationList = 187BD14A207351FB00062438 /* Build configuration list for PBXProject "douYuLive" */;
			compatibilityVersion = "Xcode 9.3";
			developmentRegion = en;
			hasScannedForEncodings = 0;
			knownRegions = (
				en,
				Base,
			);
			mainGroup = 187BD146207351FB00062438;
			productRefGroup = 187BD150207351FB00062438 /* Products */;
			projectDirPath = "";
			projectRoot = "";
			targets = (
				187BD14E207351FB00062438 /* douYuLive */,
			);
		};
/* End PBXProject section */

/* Begin PBXResourcesBuildPhase section */
		187BD14D207351FB00062438 /* Resources */ = {
			isa = PBXResourcesBuildPhase;
			buildActionMask = 2147483647;
			files = (
				187BD15D207351FC00062438 /* LaunchScreen.storyboard in Resources */,
				187BD16A2073672900062438 /* Home.storyboard in Resources */,
				187BD1762073690800062438 /* Profile.storyboard in Resources */,
				187BD1702073689E00062438 /* Live.storyboard in Resources */,
				187BD173207368C700062438 /* Follow.storyboard in Resources */,
				187BD15A207351FC00062438 /* Assets.xcassets in Resources */,
				187BD158207351FB00062438 /* Main.storyboard in Resources */,
			);
			runOnlyForDeploymentPostprocessing = 0;
		};
/* End PBXResourcesBuildPhase section */

/* Begin PBXSourcesBuildPhase section */
		187BD14B207351FB00062438 /* Sources */ = {
			isa = PBXSourcesBuildPhase;
			buildActionMask = 2147483647;
			files = (
				187BD155207351FB00062438 /* ViewController.swift in Sources */,
				187BD153207351FB00062438 /* AppDelegate.swift in Sources */,
			);
			runOnlyForDeploymentPostprocessing = 0;
		};
/* End PBXSourcesBuildPhase section */

/* Begin PBXVariantGroup section */
		187BD156207351FB00062438 /* Main.storyboard */ = {
			isa = PBXVariantGroup;
			children = (
				187BD157207351FB00062438 /* Base */,
			);
			name = Main.storyboard;
			sourceTree = "<group>";
		};
		187BD15B207351FC00062438 /* LaunchScreen.storyboard */ = {
			isa = PBXVariantGroup;
			children = (
				187BD15C207351FC00062438 /* Base */,
			);
			name = LaunchScreen.storyboard;
			sourceTree = "<group>";
		};
		187BD1682073672900062438 /* Home.storyboard */ = {
			isa = PBXVariantGroup;
			children = (
				187BD1692073672900062438 /* Base */,
			);
			name = Home.storyboard;
			sourceTree = "<group>";
		};
		187BD16E2073689E00062438 /* Live.storyboard */ = {
			isa = PBXVariantGroup;
			children = (
				187BD16F2073689E00062438 /* Base */,
			);
			name = Live.storyboard;
			sourceTree = "<group>";
		};
		187BD171207368C700062438 /* Follow.storyboard */ = {
			isa = PBXVariantGroup;
			children = (
				187BD172207368C700062438 /* Base */,
			);
			name = Follow.storyboard;
			sourceTree = "<group>";
		};
		187BD1742073690800062438 /* Profile.storyboard */ = {
			isa = PBXVariantGroup;
			children = (
				187BD1752073690800062438 /* Base */,
			);
			name = Profile.storyboard;
			sourceTree = "<group>";
		};
/* End PBXVariantGroup section */

/* Begin XCBuildConfiguration section */
		187BD15F207351FC00062438 /* Debug */ = {
			isa = XCBuildConfiguration;
			buildSettings = {
				ALWAYS_SEARCH_USER_PATHS = NO;
				CLANG_ANALYZER_NONNULL = YES;
				CLANG_ANALYZER_NUMBER_OBJECT_CONVERSION = YES_AGGRESSIVE;
				CLANG_CXX_LANGUAGE_STANDARD = "gnu++14";
				CLANG_CXX_LIBRARY = "libc++";
				CLANG_ENABLE_MODULES = YES;
				CLANG_ENABLE_OBJC_ARC = YES;
				CLANG_ENABLE_OBJC_WEAK = YES;
				CLANG_WARN_BLOCK_CAPTURE_AUTORELEASING = YES;
				CLANG_WARN_BOOL_CONVERSION = YES;
				CLANG_WARN_COMMA = YES;
				CLANG_WARN_CONSTANT_CONVERSION = YES;
				CLANG_WARN_DEPRECATED_OBJC_IMPLEMENTATIONS = YES;
				CLANG_WARN_DIRECT_OBJC_ISA_USAGE = YES_ERROR;
				CLANG_WARN_DOCUMENTATION_COMMENTS = YES;
				CLANG_WARN_EMPTY_BODY = YES;
				CLANG_WARN_ENUM_CONVERSION = YES;
				CLANG_WARN_INFINITE_RECURSION = YES;
				CLANG_WARN_INT_CONVERSION = YES;
				CLANG_WARN_NON_LITERAL_NULL_CONVERSION = YES;
				CLANG_WARN_OBJC_IMPLICIT_RETAIN_SELF = YES;
				CLANG_WARN_OBJC_LITERAL_CONVERSION = YES;
				CLANG_WARN_OBJC_ROOT_CLASS = YES_ERROR;
				CLANG_WARN_RANGE_LOOP_ANALYSIS = YES;
				CLANG_WARN_STRICT_PROTOTYPES = YES;
				CLANG_WARN_SUSPICIOUS_MOVE = YES;
				CLANG_WARN_UNGUARDED_AVAILABILITY = YES_AGGRESSIVE;
				CLANG_WARN_UNREACHABLE_CODE = YES;
				CLANG_WARN__DUPLICATE_METHOD_MATCH = YES;
				CODE_SIGN_IDENTITY = "iPhone Developer";
				COPY_PHASE_STRIP = NO;
				DEBUG_INFORMATION_FORMAT = dwarf;
				ENABLE_STRICT_OBJC_MSGSEND = YES;
				ENABLE_TESTABILITY = YES;
				GCC_C_LANGUAGE_STANDARD = gnu11;
				GCC_DYNAMIC_NO_PIC = NO;
				GCC_NO_COMMON_BLOCKS = YES;
				GCC_OPTIMIZATION_LEVEL = 0;
				GCC_PREPROCESSOR_DEFINITIONS = (
					"DEBUG=1",
					"$(inherited)",
				);
				GCC_WARN_64_TO_32_BIT_CONVERSION = YES;
				GCC_WARN_ABOUT_RETURN_TYPE = YES_ERROR;
				GCC_WARN_UNDECLARED_SELECTOR = YES;
				GCC_WARN_UNINITIALIZED_AUTOS = YES_AGGRESSIVE;
				GCC_WARN_UNUSED_FUNCTION = YES;
				GCC_WARN_UNUSED_VARIABLE = YES;
				IPHONEOS_DEPLOYMENT_TARGET = 11.3;
				MTL_ENABLE_DEBUG_INFO = YES;
				ONLY_ACTIVE_ARCH = YES;
				SDKROOT = iphoneos;
				SWIFT_ACTIVE_COMPILATION_CONDITIONS = DEBUG;
				SWIFT_OPTIMIZATION_LEVEL = "-Onone";
			};
			name = Debug;
		};
		187BD160207351FC00062438 /* Release */ = {
			isa = XCBuildConfiguration;
			buildSettings = {
				ALWAYS_SEARCH_USER_PATHS = NO;
				CLANG_ANALYZER_NONNULL = YES;
				CLANG_ANALYZER_NUMBER_OBJECT_CONVERSION = YES_AGGRESSIVE;
				CLANG_CXX_LANGUAGE_STANDARD = "gnu++14";
				CLANG_CXX_LIBRARY = "libc++";
				CLANG_ENABLE_MODULES = YES;
				CLANG_ENABLE_OBJC_ARC = YES;
				CLANG_ENABLE_OBJC_WEAK = YES;
				CLANG_WARN_BLOCK_CAPTURE_AUTORELEASING = YES;
				CLANG_WARN_BOOL_CONVERSION = YES;
				CLANG_WARN_COMMA = YES;
				CLANG_WARN_CONSTANT_CONVERSION = YES;
				CLANG_WARN_DEPRECATED_OBJC_IMPLEMENTATIONS = YES;
				CLANG_WARN_DIRECT_OBJC_ISA_USAGE = YES_ERROR;
				CLANG_WARN_DOCUMENTATION_COMMENTS = YES;
				CLANG_WARN_EMPTY_BODY = YES;
				CLANG_WARN_ENUM_CONVERSION = YES;
				CLANG_WARN_INFINITE_RECURSION = YES;
				CLANG_WARN_INT_CONVERSION = YES;
				CLANG_WARN_NON_LITERAL_NULL_CONVERSION = YES;
				CLANG_WARN_OBJC_IMPLICIT_RETAIN_SELF = YES;
				CLANG_WARN_OBJC_LITERAL_CONVERSION = YES;
				CLANG_WARN_OBJC_ROOT_CLASS = YES_ERROR;
				CLANG_WARN_RANGE_LOOP_ANALYSIS = YES;
				CLANG_WARN_STRICT_PROTOTYPES = YES;
				CLANG_WARN_SUSPICIOUS_MOVE = YES;
				CLANG_WARN_UNGUARDED_AVAILABILITY = YES_AGGRESSIVE;
				CLANG_WARN_UNREACHABLE_CODE = YES;
				CLANG_WARN__DUPLICATE_METHOD_MATCH = YES;
				CODE_SIGN_IDENTITY = "iPhone Developer";
				COPY_PHASE_STRIP = NO;
				DEBUG_INFORMATION_FORMAT = "dwarf-with-dsym";
				ENABLE_NS_ASSERTIONS = NO;
				ENABLE_STRICT_OBJC_MSGSEND = YES;
				GCC_C_LANGUAGE_STANDARD = gnu11;
				GCC_NO_COMMON_BLOCKS = YES;
				GCC_WARN_64_TO_32_BIT_CONVERSION = YES;
				GCC_WARN_ABOUT_RETURN_TYPE = YES_ERROR;
				GCC_WARN_UNDECLARED_SELECTOR = YES;
				GCC_WARN_UNINITIALIZED_AUTOS = YES_AGGRESSIVE;
				GCC_WARN_UNUSED_FUNCTION = YES;
				GCC_WARN_UNUSED_VARIABLE = YES;
				IPHONEOS_DEPLOYMENT_TARGET = 11.3;
				MTL_ENABLE_DEBUG_INFO = NO;
				SDKROOT = iphoneos;
				SWIFT_COMPILATION_MODE = wholemodule;
				SWIFT_OPTIMIZATION_LEVEL = "-O";
				VALIDATE_PRODUCT = YES;
			};
			name = Release;
		};
		187BD162207351FC00062438 /* Debug */ = {
			isa = XCBuildConfiguration;
			buildSettings = {
				ASSETCATALOG_COMPILER_APPICON_NAME = AppIcon;
				ASSETCATALOG_COMPILER_LAUNCHIMAGE_NAME = LaunchImage;
				CODE_SIGN_STYLE = Automatic;
				DEVELOPMENT_TEAM = 9RF4DCPB77;
				INFOPLIST_FILE = douYuLive/Info.plist;
				LD_RUNPATH_SEARCH_PATHS = (
					"$(inherited)",
					"@executable_path/Frameworks",
				);
				PRODUCT_BUNDLE_IDENTIFIER = yuannianqing.com.douYuLive;
				PRODUCT_NAME = "$(TARGET_NAME)";
				SWIFT_VERSION = 4.0;
				TARGETED_DEVICE_FAMILY = 1;
			};
			name = Debug;
		};
		187BD163207351FC00062438 /* Release */ = {
			isa = XCBuildConfiguration;
			buildSettings = {
				ASSETCATALOG_COMPILER_APPICON_NAME = AppIcon;
				ASSETCATALOG_COMPILER_LAUNCHIMAGE_NAME = LaunchImage;
				CODE_SIGN_STYLE = Automatic;
				DEVELOPMENT_TEAM = 9RF4DCPB77;
				INFOPLIST_FILE = douYuLive/Info.plist;
				LD_RUNPATH_SEARCH_PATHS = (
					"$(inherited)",
					"@executable_path/Frameworks",
				);
				PRODUCT_BUNDLE_IDENTIFIER = yuannianqing.com.douYuLive;
				PRODUCT_NAME = "$(TARGET_NAME)";
				SWIFT_VERSION = 4.0;
				TARGETED_DEVICE_FAMILY = 1;
			};
			name = Release;
		};
/* End XCBuildConfiguration section */

/* Begin XCConfigurationList section */
		187BD14A207351FB00062438 /* Build configuration list for PBXProject "douYuLive" */ = {
			isa = XCConfigurationList;
			buildConfigurations = (
				187BD15F207351FC00062438 /* Debug */,
				187BD160207351FC00062438 /* Release */,
			);
			defaultConfigurationIsVisible = 0;
			defaultConfigurationName = Release;
		};
		187BD161207351FC00062438 /* Build configuration list for PBXNativeTarget "douYuLive" */ = {
			isa = XCConfigurationList;
			buildConfigurations = (
				187BD162207351FC00062438 /* Debug */,
				187BD163207351FC00062438 /* Release */,
			);
			defaultConfigurationIsVisible = 0;
			defaultConfigurationName = Release;
		};
/* End XCConfigurationList section */
	};
	rootObject = 187BD147207351FB00062438 /* Project object */;
}
